
Microsoft Visual Studio Solution File, Format Version 12.00
# Visual Studio 2013
VisualStudioVersion = 12.0.31101.0
MinimumVisualStudioVersion = 10.0.40219.1
Project("{FAE04EC0-301F-11D3-BF4B-00C04F79EFBC}") = "AzureWithCertificatesSample.WebApi", "AzureWithCertificatesSample.WebApi\AzureWithCertificatesSample.WebApi.csproj", "{66EF32E4-2781-4A00-B690-65A1D1939A04}"
EndProject
Project("{FAE04EC0-301F-11D3-BF4B-00C04F79EFBC}") = "AzureWithCertificatesSample.Utilities", "AzureWithCertificatesSample.Utilities\AzureWithCertificatesSample.Utilities.csproj", "{B5B95546-59E0-400E-B3FA-C95916C97215}"
EndProject
Project("{CC5FD16D-436D-48AD-A40C-5A424C6E3E79}") = "AzureWithCertificatesSample", "AzureWithCertificatesSample\AzureWithCertificatesSample.ccproj", "{232E8FAB-A7BB-411F-83E7-D706412352B0}"
EndProject
Global
	GlobalSection(SolutionConfigurationPlatforms) = preSolution
		Debug|Any CPU = Debug|Any CPU
		Release|Any CPU = Release|Any CPU
	EndGlobalSection
	GlobalSection(ProjectConfigurationPlatforms) = postSolution
		{66EF32E4-2781-4A00-B690-65A1D1939A04}.Debug|Any CPU.ActiveCfg = Debug|Any CPU
		{66EF32E4-2781-4A00-B690-65A1D1939A04}.Debug|Any CPU.Build.0 = Debug|Any CPU
		{66EF32E4-2781-4A00-B690-65A1D1939A04}.Release|Any CPU.ActiveCfg = Release|Any CPU
		{66EF32E4-2781-4A00-B690-65A1D1939A04}.Release|Any CPU.Build.0 = Release|Any CPU
		{B5B95546-59E0-400E-B3FA-C95916C97215}.Debug|Any CPU.ActiveCfg = Debug|Any CPU
		{B5B95546-59E0-400E-B3FA-C95916C97215}.Debug|Any CPU.Build.0 = Debug|Any CPU
		{B5B95546-59E0-400E-B3FA-C95916C97215}.Release|Any CPU.ActiveCfg = Release|Any CPU
		{B5B95546-59E0-400E-B3FA-C95916C97215}.Release|Any CPU.Build.0 = Release|Any CPU
		{232E8FAB-A7BB-411F-83E7-D706412352B0}.Debug|Any CPU.ActiveCfg = Debug|Any CPU
		{232E8FAB-A7BB-411F-83E7-D706412352B0}.Debug|Any CPU.Build.0 = Debug|Any CPU
		{232E8FAB-A7BB-411F-83E7-D706412352B0}.Release|Any CPU.ActiveCfg = Release|Any CPU
		{232E8FAB-A7BB-411F-83E7-D706412352B0}.Release|Any CPU.Build.0 = Release|Any CPU
	EndGlobalSection
	GlobalSection(SolutionProperties) = preSolution
		HideSolutionNode = FALSE
	EndGlobalSection
EndGlobal
